
Microsoft Visual Studio Solution File, Format Version 12.00
# Visual Studio 15
VisualStudioVersion = 15.0.26730.16
MinimumVisualStudioVersion = 10.0.40219.1
Project("{FAE04EC0-301F-11D3-BF4B-00C04F79EFBC}") = "CoreLib", "CoreLib\CoreLib.csproj", "{F8E83C24-98A2-47B6-B474-9ACEDAEA62B3}"
EndProject
Project("{FAE04EC0-301F-11D3-BF4B-00C04F79EFBC}") = "CoreLib.Tests", "CoreLib.Tests\CoreLib.Tests.csproj", "{E97EAF79-BA48-4A6F-ABBD-23DF8ED577B2}"
EndProject
Project("{FAE04EC0-301F-11D3-BF4B-00C04F79EFBC}") = "RunnerService", "RunnerService\RunnerService.csproj", "{BD14C64A-2684-4FB8-BF46-F0A70CE44D33}"
EndProject
Project("{FAE04EC0-301F-11D3-BF4B-00C04F79EFBC}") = "AudioPlayer", "AudioPlayer\AudioPlayer.csproj", "{8A2B682E-46E5-44C1-92B0-DFFA7611113C}"
EndProject
Project("{FAE04EC0-301F-11D3-BF4B-00C04F79EFBC}") = "AutomaticSchoolBell.GUI", "AutomaticSchoolBell.GUI\AutomaticSchoolBell.GUI.csproj", "{F048CBBA-B9FA-4BF2-BDCA-5CE03692E1C7}"
EndProject
Project("{FAE04EC0-301F-11D3-BF4B-00C04F79EFBC}") = "ScreenShots", "ScreenShots\ScreenShots.csproj", "{151886BD-ACE1-4CD2-A238-B23BD58B9537}"
EndProject
Project("{E729F059-12D4-455F-A2A4-FDA8DD25E08A}") = "Automatic School Bell v3", "..\AutomaticSchoolBell.Setup\Automatic School Bell v3\Automatic School Bell v3.isproj", "{72DF60AE-7080-40F4-A2DF-6D17522085F0}"
	ProjectSection(ProjectDependencies) = postProject
		{F8E83C24-98A2-47B6-B474-9ACEDAEA62B3} = {F8E83C24-98A2-47B6-B474-9ACEDAEA62B3}
		{8A2B682E-46E5-44C1-92B0-DFFA7611113C} = {8A2B682E-46E5-44C1-92B0-DFFA7611113C}
		{BD14C64A-2684-4FB8-BF46-F0A70CE44D33} = {BD14C64A-2684-4FB8-BF46-F0A70CE44D33}
		{E97EAF79-BA48-4A6F-ABBD-23DF8ED577B2} = {E97EAF79-BA48-4A6F-ABBD-23DF8ED577B2}
		{F048CBBA-B9FA-4BF2-BDCA-5CE03692E1C7} = {F048CBBA-B9FA-4BF2-BDCA-5CE03692E1C7}
	EndProjectSection
EndProject
Project("{2150E333-8FDC-42A3-9474-1A3956D46DE8}") = "SQL Scripts", "SQL Scripts", "{7E12E995-1ED7-4C28-AD7C-A9292C18C23D}"
	ProjectSection(SolutionItems) = preProject
		Install script.sql = Install script.sql
		uninstall script.sql = uninstall script.sql
	EndProjectSection
EndProject
Global
	GlobalSection(SolutionConfigurationPlatforms) = preSolution
		Debug|Any CPU = Debug|Any CPU
		Release|Any CPU = Release|Any CPU
	EndGlobalSection
	GlobalSection(ProjectConfigurationPlatforms) = postSolution
		{F8E83C24-98A2-47B6-B474-9ACEDAEA62B3}.Debug|Any CPU.ActiveCfg = Debug|Any CPU
		{F8E83C24-98A2-47B6-B474-9ACEDAEA62B3}.Debug|Any CPU.Build.0 = Debug|Any CPU
		{F8E83C24-98A2-47B6-B474-9ACEDAEA62B3}.Release|Any CPU.ActiveCfg = Release|Any CPU
		{F8E83C24-98A2-47B6-B474-9ACEDAEA62B3}.Release|Any CPU.Build.0 = Release|Any CPU
		{E97EAF79-BA48-4A6F-ABBD-23DF8ED577B2}.Debug|Any CPU.ActiveCfg = Debug|Any CPU
		{E97EAF79-BA48-4A6F-ABBD-23DF8ED577B2}.Debug|Any CPU.Build.0 = Debug|Any CPU
		{E97EAF79-BA48-4A6F-ABBD-23DF8ED577B2}.Release|Any CPU.ActiveCfg = Release|Any CPU
		{E97EAF79-BA48-4A6F-ABBD-23DF8ED577B2}.Release|Any CPU.Build.0 = Release|Any CPU
		{BD14C64A-2684-4FB8-BF46-F0A70CE44D33}.Debug|Any CPU.ActiveCfg = Debug|Any CPU
		{BD14C64A-2684-4FB8-BF46-F0A70CE44D33}.Debug|Any CPU.Build.0 = Debug|Any CPU
		{BD14C64A-2684-4FB8-BF46-F0A70CE44D33}.Release|Any CPU.ActiveCfg = Release|Any CPU
		{BD14C64A-2684-4FB8-BF46-F0A70CE44D33}.Release|Any CPU.Build.0 = Release|Any CPU
		{8A2B682E-46E5-44C1-92B0-DFFA7611113C}.Debug|Any CPU.ActiveCfg = Debug|Any CPU
		{8A2B682E-46E5-44C1-92B0-DFFA7611113C}.Debug|Any CPU.Build.0 = Debug|Any CPU
		{8A2B682E-46E5-44C1-92B0-DFFA7611113C}.Release|Any CPU.ActiveCfg = Release|Any CPU
		{8A2B682E-46E5-44C1-92B0-DFFA7611113C}.Release|Any CPU.Build.0 = Release|Any CPU
		{F048CBBA-B9FA-4BF2-BDCA-5CE03692E1C7}.Debug|Any CPU.ActiveCfg = Debug|Any CPU
		{F048CBBA-B9FA-4BF2-BDCA-5CE03692E1C7}.Debug|Any CPU.Build.0 = Debug|Any CPU
		{F048CBBA-B9FA-4BF2-BDCA-5CE03692E1C7}.Release|Any CPU.ActiveCfg = Release|Any CPU
		{F048CBBA-B9FA-4BF2-BDCA-5CE03692E1C7}.Release|Any CPU.Build.0 = Release|Any CPU
		{151886BD-ACE1-4CD2-A238-B23BD58B9537}.Debug|Any CPU.ActiveCfg = Debug|Any CPU
		{151886BD-ACE1-4CD2-A238-B23BD58B9537}.Debug|Any CPU.Build.0 = Debug|Any CPU
		{151886BD-ACE1-4CD2-A238-B23BD58B9537}.Release|Any CPU.ActiveCfg = Release|Any CPU
		{151886BD-ACE1-4CD2-A238-B23BD58B9537}.Release|Any CPU.Build.0 = Release|Any CPU
		{72DF60AE-7080-40F4-A2DF-6D17522085F0}.Debug|Any CPU.ActiveCfg = Debug
		{72DF60AE-7080-40F4-A2DF-6D17522085F0}.Debug|Any CPU.Build.0 = Debug
		{72DF60AE-7080-40F4-A2DF-6D17522085F0}.Release|Any CPU.ActiveCfg = Release
		{72DF60AE-7080-40F4-A2DF-6D17522085F0}.Release|Any CPU.Build.0 = Release
	EndGlobalSection
	GlobalSection(SolutionProperties) = preSolution
		HideSolutionNode = FALSE
	EndGlobalSection
	GlobalSection(ExtensibilityGlobals) = postSolution
		SolutionGuid = {42967980-62AA-4C24-8A88-1F65FE5DA333}
	EndGlobalSection
EndGlobal
